
Microsoft Visual Studio Solution File, Format Version 12.00
# Visual Studio 15
VisualStudioVersion = 15.0.28010.2026
MinimumVisualStudioVersion = 10.0.40219.1
Project("{FAE04EC0-301F-11D3-BF4B-00C04F79EFBC}") = "Entity", "Entity\Entity.csproj", "{5B9F1A78-CBF0-4273-8A87-161A604D6E3B}"
EndProject
Project("{FAE04EC0-301F-11D3-BF4B-00C04F79EFBC}") = "Repository", "Repository\Repository.csproj", "{D0299BAA-134B-48FD-A504-22DBC1D83FA2}"
EndProject
Project("{FAE04EC0-301F-11D3-BF4B-00C04F79EFBC}") = "ApiTest", "ApiTest\ApiTest.csproj", "{8C218E45-3232-4BF1-AA15-2ADFF3042002}"
EndProject
Global
	GlobalSection(SolutionConfigurationPlatforms) = preSolution
		Debug|Any CPU = Debug|Any CPU
		Release|Any CPU = Release|Any CPU
	EndGlobalSection
	GlobalSection(ProjectConfigurationPlatforms) = postSolution
		{5B9F1A78-CBF0-4273-8A87-161A604D6E3B}.Debug|Any CPU.ActiveCfg = Debug|Any CPU
		{5B9F1A78-CBF0-4273-8A87-161A604D6E3B}.Debug|Any CPU.Build.0 = Debug|Any CPU
		{5B9F1A78-CBF0-4273-8A87-161A604D6E3B}.Release|Any CPU.ActiveCfg = Release|Any CPU
		{5B9F1A78-CBF0-4273-8A87-161A604D6E3B}.Release|Any CPU.Build.0 = Release|Any CPU
		{D0299BAA-134B-48FD-A504-22DBC1D83FA2}.Debug|Any CPU.ActiveCfg = Debug|Any CPU
		{D0299BAA-134B-48FD-A504-22DBC1D83FA2}.Debug|Any CPU.Build.0 = Debug|Any CPU
		{D0299BAA-134B-48FD-A504-22DBC1D83FA2}.Release|Any CPU.ActiveCfg = Release|Any CPU
		{D0299BAA-134B-48FD-A504-22DBC1D83FA2}.Release|Any CPU.Build.0 = Release|Any CPU
		{8C218E45-3232-4BF1-AA15-2ADFF3042002}.Debug|Any CPU.ActiveCfg = Debug|Any CPU
		{8C218E45-3232-4BF1-AA15-2ADFF3042002}.Debug|Any CPU.Build.0 = Debug|Any CPU
		{8C218E45-3232-4BF1-AA15-2ADFF3042002}.Release|Any CPU.ActiveCfg = Release|Any CPU
		{8C218E45-3232-4BF1-AA15-2ADFF3042002}.Release|Any CPU.Build.0 = Release|Any CPU
	EndGlobalSection
	GlobalSection(SolutionProperties) = preSolution
		HideSolutionNode = FALSE
	EndGlobalSection
	GlobalSection(ExtensibilityGlobals) = postSolution
		SolutionGuid = {4C13FFD6-66CD-4584-A43D-392F28B3EED0}
	EndGlobalSection
EndGlobal
